{
  "name": "pi-sense-hat",
  "version": "0.1.0",
  "lockfileVersion": 2,
  "requires": true,
  "packages": {
    "": {
      "name": "pi-sense-hat",
      "version": "0.1.0",
      "license": "GPL-2.0-or-later",
      "dependencies": {
        "node-red-node-pi-sense-hat": "^0.1.5"
      }
    },
    "node_modules/node-red-node-pi-sense-hat": {
      "version": "0.1.5",
      "resolved": "https://registry.npmjs.org/node-red-node-pi-sense-hat/-/node-red-node-pi-sense-hat-0.1.5.tgz",
      "integrity": "sha512-HYoHd7DY7fD9IpgD8NGbSreQI2MwfSJa6ZcNEdoA6wQ956OLPG6QefdQD1GLJFWo9qqNFRTAet7GMKbEQMe/+g==",
      "hasInstallScript": true
    }
  },
  "dependencies": {
    "node-red-node-pi-sense-hat": {
      "version": "0.1.5",
      "resolved": "https://registry.npmjs.org/node-red-node-pi-sense-hat/-/node-red-node-pi-sense-hat-0.1.5.tgz",
      "integrity": "sha512-HYoHd7DY7fD9IpgD8NGbSreQI2MwfSJa6ZcNEdoA6wQ956OLPG6QefdQD1GLJFWo9qqNFRTAet7GMKbEQMe/+g=="
    }
  }
}
